
Microsoft Visual Studio Solution File, Format Version 12.00
Project("{2150E333-8FDC-42A3-9474-1A3956D46DE8}") = "Web", "Web", "{F7283123-1EEF-4002-9219-6117343F7B16}"
EndProject
Project("{FAE04EC0-301F-11D3-BF4B-00C04F79EFBC}") = "Prokompetence.Web.PublicApi", "Web\Prokompetence.Web.PublicApi\Prokompetence.Web.PublicApi.csproj", "{447B4532-F5E7-42F1-AFAA-50AE953A4B20}"
EndProject
Project("{2150E333-8FDC-42A3-9474-1A3956D46DE8}") = "Model", "Model", "{09E74CF4-4657-4241-AFE4-8FAF7153B032}"
EndProject
Project("{FAE04EC0-301F-11D3-BF4B-00C04F79EFBC}") = "Prokompetence.Model.PublicApi", "Model\Prokompetence.Model.PublicApi\Prokompetence.Model.PublicApi.csproj", "{3B56F7CD-0307-4EB6-ACAC-49F7DAE68967}"
EndProject
Project("{2150E333-8FDC-42A3-9474-1A3956D46DE8}") = "Common", "Common", "{6B138560-8039-40DC-9DD3-A5D45F4F1BCE}"
EndProject
Project("{FAE04EC0-301F-11D3-BF4B-00C04F79EFBC}") = "Prokompetence.Common.Configuration", "Common\Prokompetence.Common.Configuration\Prokompetence.Common.Configuration.csproj", "{DC6A92DF-53B0-4E51-A2D4-14ADF4917168}"
EndProject
Project("{FAE04EC0-301F-11D3-BF4B-00C04F79EFBC}") = "Prokompetence.Common.BclExtensions", "Common\Prokompetence.Common.BclExtensions\Prokompetence.Common.BclExtensions.csproj", "{93154284-8166-48DF-AA4D-9DCD9F2C9DB0}"
EndProject
Project("{2150E333-8FDC-42A3-9474-1A3956D46DE8}") = "DAL", "DAL", "{83F3FF8D-5F76-4831-A46F-FB11B3C6582D}"
EndProject
Project("{FAE04EC0-301F-11D3-BF4B-00C04F79EFBC}") = "Prokompetence.Common.Security", "Common\Prokompetence.Common.Security\Prokompetence.Common.Security.csproj", "{E0663779-EA27-450A-B06C-04D9A9EC968D}"
EndProject
Project("{FAE04EC0-301F-11D3-BF4B-00C04F79EFBC}") = "Prokompetence.DAL", "DAL\Prokompetence.DAL\Prokompetence.DAL.csproj", "{22ED8102-A953-4ADC-A215-C418C1D03A72}"
EndProject
Project("{FAE04EC0-301F-11D3-BF4B-00C04F79EFBC}") = "Prokompetence.DAL.SqlServer", "DAL\Prokompetence.DAL.SqlServer\Prokompetence.DAL.SqlServer.csproj", "{DCF52ABB-E9AC-4AC7-ACAF-42EBF465DD36}"
EndProject
Project("{FAE04EC0-301F-11D3-BF4B-00C04F79EFBC}") = "Prokompetence.DAL.Postgres", "DAL\Prokompetence.DAL.Postgres\Prokompetence.DAL.Postgres.csproj", "{03600A65-1BD9-4C21-83DE-0E779C3CBC16}"
EndProject
Project("{FAE04EC0-301F-11D3-BF4B-00C04F79EFBC}") = "Prokompetence.Web.Admin", "Web\Prokompetence.Web.Admin\Prokompetence.Web.Admin.csproj", "{7C329CFA-05E2-409E-9C07-01B5FAF278D7}"
EndProject
Project("{FAE04EC0-301F-11D3-BF4B-00C04F79EFBC}") = "Prokompetence.Common.Web", "Common\Prokompetence.Common.Web\Prokompetence.Common.Web.csproj", "{0A4B9BC7-2D6D-471E-A42B-0270EAB76A74}"
EndProject
Global
	GlobalSection(SolutionConfigurationPlatforms) = preSolution
		Debug|Any CPU = Debug|Any CPU
		Release|Any CPU = Release|Any CPU
	EndGlobalSection
	GlobalSection(NestedProjects) = preSolution
		{447B4532-F5E7-42F1-AFAA-50AE953A4B20} = {F7283123-1EEF-4002-9219-6117343F7B16}
		{3B56F7CD-0307-4EB6-ACAC-49F7DAE68967} = {09E74CF4-4657-4241-AFE4-8FAF7153B032}
		{DC6A92DF-53B0-4E51-A2D4-14ADF4917168} = {6B138560-8039-40DC-9DD3-A5D45F4F1BCE}
		{93154284-8166-48DF-AA4D-9DCD9F2C9DB0} = {6B138560-8039-40DC-9DD3-A5D45F4F1BCE}
		{E0663779-EA27-450A-B06C-04D9A9EC968D} = {6B138560-8039-40DC-9DD3-A5D45F4F1BCE}
		{22ED8102-A953-4ADC-A215-C418C1D03A72} = {83F3FF8D-5F76-4831-A46F-FB11B3C6582D}
		{DCF52ABB-E9AC-4AC7-ACAF-42EBF465DD36} = {83F3FF8D-5F76-4831-A46F-FB11B3C6582D}
		{03600A65-1BD9-4C21-83DE-0E779C3CBC16} = {83F3FF8D-5F76-4831-A46F-FB11B3C6582D}
		{7C329CFA-05E2-409E-9C07-01B5FAF278D7} = {F7283123-1EEF-4002-9219-6117343F7B16}
		{0A4B9BC7-2D6D-471E-A42B-0270EAB76A74} = {6B138560-8039-40DC-9DD3-A5D45F4F1BCE}
	EndGlobalSection
	GlobalSection(ProjectConfigurationPlatforms) = postSolution
		{447B4532-F5E7-42F1-AFAA-50AE953A4B20}.Debug|Any CPU.ActiveCfg = Debug|Any CPU
		{447B4532-F5E7-42F1-AFAA-50AE953A4B20}.Debug|Any CPU.Build.0 = Debug|Any CPU
		{447B4532-F5E7-42F1-AFAA-50AE953A4B20}.Release|Any CPU.ActiveCfg = Release|Any CPU
		{447B4532-F5E7-42F1-AFAA-50AE953A4B20}.Release|Any CPU.Build.0 = Release|Any CPU
		{3B56F7CD-0307-4EB6-ACAC-49F7DAE68967}.Debug|Any CPU.ActiveCfg = Debug|Any CPU
		{3B56F7CD-0307-4EB6-ACAC-49F7DAE68967}.Debug|Any CPU.Build.0 = Debug|Any CPU
		{3B56F7CD-0307-4EB6-ACAC-49F7DAE68967}.Release|Any CPU.ActiveCfg = Release|Any CPU
		{3B56F7CD-0307-4EB6-ACAC-49F7DAE68967}.Release|Any CPU.Build.0 = Release|Any CPU
		{DC6A92DF-53B0-4E51-A2D4-14ADF4917168}.Debug|Any CPU.ActiveCfg = Debug|Any CPU
		{DC6A92DF-53B0-4E51-A2D4-14ADF4917168}.Debug|Any CPU.Build.0 = Debug|Any CPU
		{DC6A92DF-53B0-4E51-A2D4-14ADF4917168}.Release|Any CPU.ActiveCfg = Release|Any CPU
		{DC6A92DF-53B0-4E51-A2D4-14ADF4917168}.Release|Any CPU.Build.0 = Release|Any CPU
		{93154284-8166-48DF-AA4D-9DCD9F2C9DB0}.Debug|Any CPU.ActiveCfg = Debug|Any CPU
		{93154284-8166-48DF-AA4D-9DCD9F2C9DB0}.Debug|Any CPU.Build.0 = Debug|Any CPU
		{93154284-8166-48DF-AA4D-9DCD9F2C9DB0}.Release|Any CPU.ActiveCfg = Release|Any CPU
		{93154284-8166-48DF-AA4D-9DCD9F2C9DB0}.Release|Any CPU.Build.0 = Release|Any CPU
		{E0663779-EA27-450A-B06C-04D9A9EC968D}.Debug|Any CPU.ActiveCfg = Debug|Any CPU
		{E0663779-EA27-450A-B06C-04D9A9EC968D}.Debug|Any CPU.Build.0 = Debug|Any CPU
		{E0663779-EA27-450A-B06C-04D9A9EC968D}.Release|Any CPU.ActiveCfg = Release|Any CPU
		{E0663779-EA27-450A-B06C-04D9A9EC968D}.Release|Any CPU.Build.0 = Release|Any CPU
		{22ED8102-A953-4ADC-A215-C418C1D03A72}.Debug|Any CPU.ActiveCfg = Debug|Any CPU
		{22ED8102-A953-4ADC-A215-C418C1D03A72}.Debug|Any CPU.Build.0 = Debug|Any CPU
		{22ED8102-A953-4ADC-A215-C418C1D03A72}.Release|Any CPU.ActiveCfg = Release|Any CPU
		{22ED8102-A953-4ADC-A215-C418C1D03A72}.Release|Any CPU.Build.0 = Release|Any CPU
		{DCF52ABB-E9AC-4AC7-ACAF-42EBF465DD36}.Debug|Any CPU.ActiveCfg = Debug|Any CPU
		{DCF52ABB-E9AC-4AC7-ACAF-42EBF465DD36}.Debug|Any CPU.Build.0 = Debug|Any CPU
		{DCF52ABB-E9AC-4AC7-ACAF-42EBF465DD36}.Release|Any CPU.ActiveCfg = Release|Any CPU
		{DCF52ABB-E9AC-4AC7-ACAF-42EBF465DD36}.Release|Any CPU.Build.0 = Release|Any CPU
		{03600A65-1BD9-4C21-83DE-0E779C3CBC16}.Debug|Any CPU.ActiveCfg = Debug|Any CPU
		{03600A65-1BD9-4C21-83DE-0E779C3CBC16}.Debug|Any CPU.Build.0 = Debug|Any CPU
		{03600A65-1BD9-4C21-83DE-0E779C3CBC16}.Release|Any CPU.ActiveCfg = Release|Any CPU
		{03600A65-1BD9-4C21-83DE-0E779C3CBC16}.Release|Any CPU.Build.0 = Release|Any CPU
		{7C329CFA-05E2-409E-9C07-01B5FAF278D7}.Debug|Any CPU.ActiveCfg = Debug|Any CPU
		{7C329CFA-05E2-409E-9C07-01B5FAF278D7}.Debug|Any CPU.Build.0 = Debug|Any CPU
		{7C329CFA-05E2-409E-9C07-01B5FAF278D7}.Release|Any CPU.ActiveCfg = Release|Any CPU
		{7C329CFA-05E2-409E-9C07-01B5FAF278D7}.Release|Any CPU.Build.0 = Release|Any CPU
		{0A4B9BC7-2D6D-471E-A42B-0270EAB76A74}.Debug|Any CPU.ActiveCfg = Debug|Any CPU
		{0A4B9BC7-2D6D-471E-A42B-0270EAB76A74}.Debug|Any CPU.Build.0 = Debug|Any CPU
		{0A4B9BC7-2D6D-471E-A42B-0270EAB76A74}.Release|Any CPU.ActiveCfg = Release|Any CPU
		{0A4B9BC7-2D6D-471E-A42B-0270EAB76A74}.Release|Any CPU.Build.0 = Release|Any CPU
	EndGlobalSection
EndGlobal
