
Microsoft Visual Studio Solution File, Format Version 12.00
Project("{2150E333-8FDC-42A3-9474-1A3956D46DE8}") = "Web", "Web", "{F7283123-1EEF-4002-9219-6117343F7B16}"
EndProject
Project("{FAE04EC0-301F-11D3-BF4B-00C04F79EFBC}") = "Prokompetence.Web.PublicApi", "Web\Prokompetence.Web.PublicApi\Prokompetence.Web.PublicApi.csproj", "{447B4532-F5E7-42F1-AFAA-50AE953A4B20}"
EndProject
Project("{2150E333-8FDC-42A3-9474-1A3956D46DE8}") = "Model", "Model", "{09E74CF4-4657-4241-AFE4-8FAF7153B032}"
EndProject
Project("{FAE04EC0-301F-11D3-BF4B-00C04F79EFBC}") = "Prokompetence.Model.PublicApi", "Model\Prokompetence.Model.PublicApi\Prokompetence.Model.PublicApi.csproj", "{3B56F7CD-0307-4EB6-ACAC-49F7DAE68967}"
EndProject
Project("{2150E333-8FDC-42A3-9474-1A3956D46DE8}") = "Common", "Common", "{6B138560-8039-40DC-9DD3-A5D45F4F1BCE}"
EndProject
Project("{FAE04EC0-301F-11D3-BF4B-00C04F79EFBC}") = "Prokompetence.Common.Configuration", "Common\Prokompetence.Common.Configuration\Prokompetence.Common.Configuration.csproj", "{DC6A92DF-53B0-4E51-A2D4-14ADF4917168}"
EndProject
Project("{FAE04EC0-301F-11D3-BF4B-00C04F79EFBC}") = "Prokompetence.Common.BclExtensions", "Common\Prokompetence.Common.BclExtensions\Prokompetence.Common.BclExtensions.csproj", "{93154284-8166-48DF-AA4D-9DCD9F2C9DB0}"
EndProject
Project("{2150E333-8FDC-42A3-9474-1A3956D46DE8}") = "DAL", "DAL", "{83F3FF8D-5F76-4831-A46F-FB11B3C6582D}"
EndProject
Project("{FAE04EC0-301F-11D3-BF4B-00C04F79EFBC}") = "Prokompetence.DAL.Abstractions", "DAL\Prokompetence.DAL.Abstractions\Prokompetence.DAL.Abstractions.csproj", "{86381E2F-0F82-44DE-90CE-8B7440380E99}"
EndProject
Project("{FAE04EC0-301F-11D3-BF4B-00C04F79EFBC}") = "Prokompetence.DAL", "DAL\Prokompetence.DAL\Prokompetence.DAL.csproj", "{DEDC2EA9-2F83-4E00-BAD8-E5F132737812}"
EndProject
Project("{FAE04EC0-301F-11D3-BF4B-00C04F79EFBC}") = "Prokompetence.DAL.EFCore", "DAL\Prokompetence.DAL.EFCore\Prokompetence.DAL.EFCore.csproj", "{F22F00C6-A52F-4D68-BCF2-DE205ACE222C}"
EndProject
Project("{FAE04EC0-301F-11D3-BF4B-00C04F79EFBC}") = "Prokompetence.DAL.SqlServer", "DAL\Prokompetence.DAL.SqlServer\Prokompetence.DAL.SqlServer.csproj", "{6553C15F-7242-4C78-BD09-AFE058C5FDD7}"
EndProject
Project("{FAE04EC0-301F-11D3-BF4B-00C04F79EFBC}") = "Prokompetence.Common.Security", "Common\Prokompetence.Common.Security\Prokompetence.Common.Security.csproj", "{E0663779-EA27-450A-B06C-04D9A9EC968D}"
EndProject
Global
	GlobalSection(SolutionConfigurationPlatforms) = preSolution
		Debug|Any CPU = Debug|Any CPU
		Release|Any CPU = Release|Any CPU
	EndGlobalSection
	GlobalSection(NestedProjects) = preSolution
		{447B4532-F5E7-42F1-AFAA-50AE953A4B20} = {F7283123-1EEF-4002-9219-6117343F7B16}
		{3B56F7CD-0307-4EB6-ACAC-49F7DAE68967} = {09E74CF4-4657-4241-AFE4-8FAF7153B032}
		{DC6A92DF-53B0-4E51-A2D4-14ADF4917168} = {6B138560-8039-40DC-9DD3-A5D45F4F1BCE}
		{93154284-8166-48DF-AA4D-9DCD9F2C9DB0} = {6B138560-8039-40DC-9DD3-A5D45F4F1BCE}
		{86381E2F-0F82-44DE-90CE-8B7440380E99} = {83F3FF8D-5F76-4831-A46F-FB11B3C6582D}
		{DEDC2EA9-2F83-4E00-BAD8-E5F132737812} = {83F3FF8D-5F76-4831-A46F-FB11B3C6582D}
		{F22F00C6-A52F-4D68-BCF2-DE205ACE222C} = {83F3FF8D-5F76-4831-A46F-FB11B3C6582D}
		{6553C15F-7242-4C78-BD09-AFE058C5FDD7} = {83F3FF8D-5F76-4831-A46F-FB11B3C6582D}
		{E0663779-EA27-450A-B06C-04D9A9EC968D} = {6B138560-8039-40DC-9DD3-A5D45F4F1BCE}
	EndGlobalSection
	GlobalSection(ProjectConfigurationPlatforms) = postSolution
		{447B4532-F5E7-42F1-AFAA-50AE953A4B20}.Debug|Any CPU.ActiveCfg = Debug|Any CPU
		{447B4532-F5E7-42F1-AFAA-50AE953A4B20}.Debug|Any CPU.Build.0 = Debug|Any CPU
		{447B4532-F5E7-42F1-AFAA-50AE953A4B20}.Release|Any CPU.ActiveCfg = Release|Any CPU
		{447B4532-F5E7-42F1-AFAA-50AE953A4B20}.Release|Any CPU.Build.0 = Release|Any CPU
		{3B56F7CD-0307-4EB6-ACAC-49F7DAE68967}.Debug|Any CPU.ActiveCfg = Debug|Any CPU
		{3B56F7CD-0307-4EB6-ACAC-49F7DAE68967}.Debug|Any CPU.Build.0 = Debug|Any CPU
		{3B56F7CD-0307-4EB6-ACAC-49F7DAE68967}.Release|Any CPU.ActiveCfg = Release|Any CPU
		{3B56F7CD-0307-4EB6-ACAC-49F7DAE68967}.Release|Any CPU.Build.0 = Release|Any CPU
		{DC6A92DF-53B0-4E51-A2D4-14ADF4917168}.Debug|Any CPU.ActiveCfg = Debug|Any CPU
		{DC6A92DF-53B0-4E51-A2D4-14ADF4917168}.Debug|Any CPU.Build.0 = Debug|Any CPU
		{DC6A92DF-53B0-4E51-A2D4-14ADF4917168}.Release|Any CPU.ActiveCfg = Release|Any CPU
		{DC6A92DF-53B0-4E51-A2D4-14ADF4917168}.Release|Any CPU.Build.0 = Release|Any CPU
		{93154284-8166-48DF-AA4D-9DCD9F2C9DB0}.Debug|Any CPU.ActiveCfg = Debug|Any CPU
		{93154284-8166-48DF-AA4D-9DCD9F2C9DB0}.Debug|Any CPU.Build.0 = Debug|Any CPU
		{93154284-8166-48DF-AA4D-9DCD9F2C9DB0}.Release|Any CPU.ActiveCfg = Release|Any CPU
		{93154284-8166-48DF-AA4D-9DCD9F2C9DB0}.Release|Any CPU.Build.0 = Release|Any CPU
		{86381E2F-0F82-44DE-90CE-8B7440380E99}.Debug|Any CPU.ActiveCfg = Debug|Any CPU
		{86381E2F-0F82-44DE-90CE-8B7440380E99}.Debug|Any CPU.Build.0 = Debug|Any CPU
		{86381E2F-0F82-44DE-90CE-8B7440380E99}.Release|Any CPU.ActiveCfg = Release|Any CPU
		{86381E2F-0F82-44DE-90CE-8B7440380E99}.Release|Any CPU.Build.0 = Release|Any CPU
		{DEDC2EA9-2F83-4E00-BAD8-E5F132737812}.Debug|Any CPU.ActiveCfg = Debug|Any CPU
		{DEDC2EA9-2F83-4E00-BAD8-E5F132737812}.Debug|Any CPU.Build.0 = Debug|Any CPU
		{DEDC2EA9-2F83-4E00-BAD8-E5F132737812}.Release|Any CPU.ActiveCfg = Release|Any CPU
		{DEDC2EA9-2F83-4E00-BAD8-E5F132737812}.Release|Any CPU.Build.0 = Release|Any CPU
		{F22F00C6-A52F-4D68-BCF2-DE205ACE222C}.Debug|Any CPU.ActiveCfg = Debug|Any CPU
		{F22F00C6-A52F-4D68-BCF2-DE205ACE222C}.Debug|Any CPU.Build.0 = Debug|Any CPU
		{F22F00C6-A52F-4D68-BCF2-DE205ACE222C}.Release|Any CPU.ActiveCfg = Release|Any CPU
		{F22F00C6-A52F-4D68-BCF2-DE205ACE222C}.Release|Any CPU.Build.0 = Release|Any CPU
		{6553C15F-7242-4C78-BD09-AFE058C5FDD7}.Debug|Any CPU.ActiveCfg = Debug|Any CPU
		{6553C15F-7242-4C78-BD09-AFE058C5FDD7}.Debug|Any CPU.Build.0 = Debug|Any CPU
		{6553C15F-7242-4C78-BD09-AFE058C5FDD7}.Release|Any CPU.ActiveCfg = Release|Any CPU
		{6553C15F-7242-4C78-BD09-AFE058C5FDD7}.Release|Any CPU.Build.0 = Release|Any CPU
		{E0663779-EA27-450A-B06C-04D9A9EC968D}.Debug|Any CPU.ActiveCfg = Debug|Any CPU
		{E0663779-EA27-450A-B06C-04D9A9EC968D}.Debug|Any CPU.Build.0 = Debug|Any CPU
		{E0663779-EA27-450A-B06C-04D9A9EC968D}.Release|Any CPU.ActiveCfg = Release|Any CPU
		{E0663779-EA27-450A-B06C-04D9A9EC968D}.Release|Any CPU.Build.0 = Release|Any CPU
	EndGlobalSection
EndGlobal
